
Microsoft Visual Studio Solution File, Format Version 12.00
# Visual Studio 15
VisualStudioVersion = 15.0.34729.27
MinimumVisualStudioVersion = 10.0.40219.1
Project("{FAE04EC0-301F-11D3-BF4B-00C04F79EFBC}") = "proceso", "proceso\proceso.csproj", "{D3D4E63C-7472-45F6-9736-911683618221}"
EndProject
Global
	GlobalSection(SolutionConfigurationPlatforms) = preSolution
		Debug|Any CPU = Debug|Any CPU
		Release|Any CPU = Release|Any CPU
	EndGlobalSection
	GlobalSection(ProjectConfigurationPlatforms) = postSolution
		{D3D4E63C-7472-45F6-9736-911683618221}.Debug|Any CPU.ActiveCfg = Debug|Any CPU
		{D3D4E63C-7472-45F6-9736-911683618221}.Debug|Any CPU.Build.0 = Debug|Any CPU
		{D3D4E63C-7472-45F6-9736-911683618221}.Release|Any CPU.ActiveCfg = Release|Any CPU
		{D3D4E63C-7472-45F6-9736-911683618221}.Release|Any CPU.Build.0 = Release|Any CPU
	EndGlobalSection
	GlobalSection(SolutionProperties) = preSolution
		HideSolutionNode = FALSE
	EndGlobalSection
	GlobalSection(ExtensibilityGlobals) = postSolution
		SolutionGuid = {10318353-151E-4D96-84AD-DAEC889F5746}
	EndGlobalSection
EndGlobal
